
Microsoft Visual Studio Solution File, Format Version 12.00
# Visual Studio Version 17
VisualStudioVersion = 17.7.34202.233
MinimumVisualStudioVersion = 10.0.40219.1
Project("{8BC9CEB8-8B4A-11D0-8D11-00A0C91BC942}") = "MExDlg", "MExDlg.vcxproj", "{886CC43C-2C4A-42D2-8D27-B96E64F2E56D}"
EndProject
Global
	GlobalSection(SolutionConfigurationPlatforms) = preSolution
		Debug|x64 = Debug|x64
		Debug|x86 = Debug|x86
		Release|x64 = Release|x64
		Release|x86 = Release|x86
	EndGlobalSection
	GlobalSection(ProjectConfigurationPlatforms) = postSolution
		{886CC43C-2C4A-42D2-8D27-B96E64F2E56D}.Debug|x64.ActiveCfg = Debug|x64
		{886CC43C-2C4A-42D2-8D27-B96E64F2E56D}.Debug|x64.Build.0 = Debug|x64
		{886CC43C-2C4A-42D2-8D27-B96E64F2E56D}.Debug|x86.ActiveCfg = Debug|Win32
		{886CC43C-2C4A-42D2-8D27-B96E64F2E56D}.Debug|x86.Build.0 = Debug|Win32
		{886CC43C-2C4A-42D2-8D27-B96E64F2E56D}.Release|x64.ActiveCfg = Release|x64
		{886CC43C-2C4A-42D2-8D27-B96E64F2E56D}.Release|x64.Build.0 = Release|x64
		{886CC43C-2C4A-42D2-8D27-B96E64F2E56D}.Release|x86.ActiveCfg = Release|Win32
		{886CC43C-2C4A-42D2-8D27-B96E64F2E56D}.Release|x86.Build.0 = Release|Win32
	EndGlobalSection
	GlobalSection(SolutionProperties) = preSolution
		HideSolutionNode = FALSE
	EndGlobalSection
	GlobalSection(ExtensibilityGlobals) = postSolution
		SolutionGuid = {F862BB59-0C1A-4A6F-8E23-6B169BCBD14E}
	EndGlobalSection
EndGlobal
